- id: fotr
  sets: ['1','2','3']
  en:
    name: Fellowship of the Ring

- id: tt
  sets: ['4','5','6']
  en:
    name: The Two Towers

- id: rotk
  sets: ['7','8','10']
  en:
    name: Return of the King

- id: wotr
  sets: ['11','12','13']
  en:
    name: War of the Ring

- id: hunters
  sets: ['15','17','18']
  en:
    name: Hunters
